// !$*UTF8*$!
{
	archiveVersion = 1;
	classes = {
	};
	objectVersion = 46;
	objects = {

/* Begin PBXBuildFile section */
		2C841BB354942166B87D7044 /* libPods-WeatherApp.a in Frameworks */ = {isa = PBXBuildFile; fileRef = 9023F129F3A07CF143A3600E /* libPods-WeatherApp.a */; };
		F84445E11EF7132D00747A31 /* EmptyStateView.swift in Sources */ = {isa = PBXBuildFile; fileRef = F84445DE1EF7132D00747A31 /* EmptyStateView.swift */; };
		F84445E21EF7132D00747A31 /* CityListViewController.swift in Sources */ = {isa = PBXBuildFile; fileRef = F84445DF1EF7132D00747A31 /* CityListViewController.swift */; };
		F84445E31EF7132D00747A31 /* CityCell.swift in Sources */ = {isa = PBXBuildFile; fileRef = F84445E01EF7132D00747A31 /* CityCell.swift */; };
		F84445E61EF7133C00747A31 /* EmptyStateView.xib in Resources */ = {isa = PBXBuildFile; fileRef = F84445E41EF7133C00747A31 /* EmptyStateView.xib */; };
		F84445EB1EF7134D00747A31 /* UITableViewExtension.swift in Sources */ = {isa = PBXBuildFile; fileRef = F84445E71EF7134D00747A31 /* UITableViewExtension.swift */; };
		F84445EC1EF7134D00747A31 /* ReusableProtocol.swift in Sources */ = {isa = PBXBuildFile; fileRef = F84445E81EF7134D00747A31 /* ReusableProtocol.swift */; };
		F84445ED1EF7134D00747A31 /* FloatExtension.swift in Sources */ = {isa = PBXBuildFile; fileRef = F84445E91EF7134D00747A31 /* FloatExtension.swift */; };
		F84445EE1EF7134D00747A31 /* ArrayExtension.swift in Sources */ = {isa = PBXBuildFile; fileRef = F84445EA1EF7134D00747A31 /* ArrayExtension.swift */; };
		F84445F11EF7135800747A31 /* NetworkAssembly.swift in Sources */ = {isa = PBXBuildFile; fileRef = F84445EF1EF7135800747A31 /* NetworkAssembly.swift */; };
		F84445F21EF7135800747A31 /* GooglePlacesAssembly.swift in Sources */ = {isa = PBXBuildFile; fileRef = F84445F01EF7135800747A31 /* GooglePlacesAssembly.swift */; };
		F84445F41EF7136800747A31 /* OpenWeatherKeyProvider.swift in Sources */ = {isa = PBXBuildFile; fileRef = F84445F31EF7136800747A31 /* OpenWeatherKeyProvider.swift */; };
		F84445F71EF7137800747A31 /* WeatherCondition.swift in Sources */ = {isa = PBXBuildFile; fileRef = F84445F51EF7137800747A31 /* WeatherCondition.swift */; };
		F84445F81EF7137800747A31 /* CityWeatherData.swift in Sources */ = {isa = PBXBuildFile; fileRef = F84445F61EF7137800747A31 /* CityWeatherData.swift */; };
		F84445FA1EF713D200747A31 /* APIKeyProvider.swift in Sources */ = {isa = PBXBuildFile; fileRef = F84445F91EF713D200747A31 /* APIKeyProvider.swift */; };
		F84445FE1EF713EB00747A31 /* AppDelegate.swift in Sources */ = {isa = PBXBuildFile; fileRef = F84445FC1EF713EB00747A31 /* AppDelegate.swift */; };
		F84446041EF7199A00747A31 /* CityDetailViewController.swift in Sources */ = {isa = PBXBuildFile; fileRef = F84446031EF7199A00747A31 /* CityDetailViewController.swift */; };
		F8535CDA1EF736A900AE8BD5 /* CityListPresenter.swift in Sources */ = {isa = PBXBuildFile; fileRef = F8535CD91EF736A900AE8BD5 /* CityListPresenter.swift */; };
		F8535CDC1EF7370400AE8BD5 /* CityListInteractor.swift in Sources */ = {isa = PBXBuildFile; fileRef = F8535CDB1EF7370400AE8BD5 /* CityListInteractor.swift */; };
		F8535CE01EF741C800AE8BD5 /* CityListAssembly.swift in Sources */ = {isa = PBXBuildFile; fileRef = F8535CDF1EF741C800AE8BD5 /* CityListAssembly.swift */; };
		F870C5661EF68C5E00D35E18 /* Main.storyboard in Resources */ = {isa = PBXBuildFile; fileRef = F870C5641EF68C5E00D35E18 /* Main.storyboard */; };
		F870C5681EF68C5E00D35E18 /* Assets.xcassets in Resources */ = {isa = PBXBuildFile; fileRef = F870C5671EF68C5E00D35E18 /* Assets.xcassets */; };
		F870C56B1EF68C5E00D35E18 /* LaunchScreen.storyboard in Resources */ = {isa = PBXBuildFile; fileRef = F870C5691EF68C5E00D35E18 /* LaunchScreen.storyboard */; };
		F870C5761EF68C5E00D35E18 /* WeatherAppTests.swift in Sources */ = {isa = PBXBuildFile; fileRef = F870C5751EF68C5E00D35E18 /* WeatherAppTests.swift */; };
		F870C5811EF68C5E00D35E18 /* WeatherAppUITests.swift in Sources */ = {isa = PBXBuildFile; fileRef = F870C5801EF68C5E00D35E18 /* WeatherAppUITests.swift */; };
		F88C8A241EF88672008C4DFB /* AppAssembly.swift in Sources */ = {isa = PBXBuildFile; fileRef = F88C8A231EF88672008C4DFB /* AppAssembly.swift */; };
		F88C8A291EF88C9F008C4DFB /* UIImageExtension.swift in Sources */ = {isa = PBXBuildFile; fileRef = F88C8A281EF88C9F008C4DFB /* UIImageExtension.swift */; };
		F88C8A2B1EF88F9A008C4DFB /* CityListItemViewModel.swift in Sources */ = {isa = PBXBuildFile; fileRef = F88C8A2A1EF88F9A008C4DFB /* CityListItemViewModel.swift */; };
		F88C8A301EF89D9C008C4DFB /* ForecastItemViewModel.swift in Sources */ = {isa = PBXBuildFile; fileRef = F88C8A2F1EF89D9C008C4DFB /* ForecastItemViewModel.swift */; };
		F8CBE28A1EF6B3F700E06ED2 /* Alamofire.framework in Frameworks */ = {isa = PBXBuildFile; fileRef = F8CBE2891EF6B3F700E06ED2 /* Alamofire.framework */; };
		F8CBE28F1EF6B41300E06ED2 /* SwinjectStoryboard.framework in Frameworks */ = {isa = PBXBuildFile; fileRef = F8CBE28E1EF6B41300E06ED2 /* SwinjectStoryboard.framework */; };
		F8CBE2911EF6B41800E06ED2 /* SwinjectStoryboard.framework in Embed Frameworks */ = {isa = PBXBuildFile; fileRef = F8CBE28E1EF6B41300E06ED2 /* SwinjectStoryboard.framework */; settings = {ATTRIBUTES = (CodeSignOnCopy, RemoveHeadersOnCopy, ); }; };
		F8CBE2931EF6B41800E06ED2 /* Alamofire.framework in Embed Frameworks */ = {isa = PBXBuildFile; fileRef = F8CBE2891EF6B3F700E06ED2 /* Alamofire.framework */; settings = {ATTRIBUTES = (CodeSignOnCopy, RemoveHeadersOnCopy, ); }; };
		F8CBE2AB1EF6C4AA00E06ED2 /* Swinject.framework in Frameworks */ = {isa = PBXBuildFile; fileRef = F8CBE2AA1EF6C4AA00E06ED2 /* Swinject.framework */; };
		F8CBE2AC1EF6C4AA00E06ED2 /* Swinject.framework in Embed Frameworks */ = {isa = PBXBuildFile; fileRef = F8CBE2AA1EF6C4AA00E06ED2 /* Swinject.framework */; settings = {ATTRIBUTES = (CodeSignOnCopy, RemoveHeadersOnCopy, ); }; };
		F8CBE2B31EF6D2E600E06ED2 /* OpenWeatherAPIProtocol.swift in Sources */ = {isa = PBXBuildFile; fileRef = F8CBE2B11EF6D2E600E06ED2 /* OpenWeatherAPIProtocol.swift */; };
		F8CBE2B41EF6D2E600E06ED2 /* OpenWeatherURLBuilder.swift in Sources */ = {isa = PBXBuildFile; fileRef = F8CBE2B21EF6D2E600E06ED2 /* OpenWeatherURLBuilder.swift */; };
		F8CBE2BC1EF6D2F800E06ED2 /* NetworkService.swift in Sources */ = {isa = PBXBuildFile; fileRef = F8CBE2B61EF6D2F800E06ED2 /* NetworkService.swift */; };
		F8CBE2BD1EF6D2F800E06ED2 /* APIRequest.swift in Sources */ = {isa = PBXBuildFile; fileRef = F8CBE2B71EF6D2F800E06ED2 /* APIRequest.swift */; };
		F8CBE2BE1EF6D2F800E06ED2 /* APIEndpoint.swift in Sources */ = {isa = PBXBuildFile; fileRef = F8CBE2B81EF6D2F800E06ED2 /* APIEndpoint.swift */; };
		F8CBE2BF1EF6D2F800E06ED2 /* BaseProtocol.swift in Sources */ = {isa = PBXBuildFile; fileRef = F8CBE2B91EF6D2F800E06ED2 /* BaseProtocol.swift */; };
		F8CBE2C01EF6D2F800E06ED2 /* URLBuilderProtocol.swift in Sources */ = {isa = PBXBuildFile; fileRef = F8CBE2BA1EF6D2F800E06ED2 /* URLBuilderProtocol.swift */; };
		F8CBE2C11EF6D2F800E06ED2 /* NetworkProtocol.swift in Sources */ = {isa = PBXBuildFile; fileRef = F8CBE2BB1EF6D2F800E06ED2 /* NetworkProtocol.swift */; };
		F8CBE2C61EF6D55B00E06ED2 /* SwinjectStoryboard+Setup.swift in Sources */ = {isa = PBXBuildFile; fileRef = F8CBE2C31EF6D55B00E06ED2 /* SwinjectStoryboard+Setup.swift */; };
		F8CBE2C81EF6D55B00E06ED2 /* StringExtensions.swift in Sources */ = {isa = PBXBuildFile; fileRef = F8CBE2C51EF6D55B00E06ED2 /* StringExtensions.swift */; };
		F8CBE2D41EF6E19100E06ED2 /* SwiftyJSON.framework in Frameworks */ = {isa = PBXBuildFile; fileRef = F8CBE2D31EF6E19100E06ED2 /* SwiftyJSON.framework */; };
		F8CBE2D51EF6E19100E06ED2 /* SwiftyJSON.framework in Embed Frameworks */ = {isa = PBXBuildFile; fileRef = F8CBE2D31EF6E19100E06ED2 /* SwiftyJSON.framework */; settings = {ATTRIBUTES = (CodeSignOnCopy, RemoveHeadersOnCopy, ); }; };
		F8D118081EF6EEDF002967DA /* CoreLocation.framework in Frameworks */ = {isa = PBXBuildFile; fileRef = F8D118071EF6EEDF002967DA /* CoreLocation.framework */; };
		FF4C032E1EF7E3B4006005D8 /* CityDetailAssembly.swift in Sources */ = {isa = PBXBuildFile; fileRef = FF4C032D1EF7E3B4006005D8 /* CityDetailAssembly.swift */; };
		FF520BE11EF80D6200527D87 /* MainWeatherData.swift in Sources */ = {isa = PBXBuildFile; fileRef = FF520BE01EF80D6200527D87 /* MainWeatherData.swift */; };
		FF919FE4205AD7F90087B2E2 /* CityPhotoPresenter.swift in Sources */ = {isa = PBXBuildFile; fileRef = FF919FE0205AD7F90087B2E2 /* CityPhotoPresenter.swift */; };
		FF919FE5205AD7F90087B2E2 /* CityPhotoRouter.swift in Sources */ = {isa = PBXBuildFile; fileRef = FF919FE1205AD7F90087B2E2 /* CityPhotoRouter.swift */; };
		FF919FE6205AD7F90087B2E2 /* CityPhotoViewController.swift in Sources */ = {isa = PBXBuildFile; fileRef = FF919FE2205AD7F90087B2E2 /* CityPhotoViewController.swift */; };
		FF919FE7205AD7F90087B2E2 /* CityPhotoInteractor.swift in Sources */ = {isa = PBXBuildFile; fileRef = FF919FE3205AD7F90087B2E2 /* CityPhotoInteractor.swift */; };
		FFB96A8D1EF80F2A0003562B /* WindData.swift in Sources */ = {isa = PBXBuildFile; fileRef = FFB96A8C1EF80F2A0003562B /* WindData.swift */; };
		FFB96A8F1EF816060003562B /* ForecastCell.swift in Sources */ = {isa = PBXBuildFile; fileRef = FFB96A8E1EF816060003562B /* ForecastCell.swift */; };
		FFBFFF4B1EF7D90F002CC4FD /* OpenWeatherUserDefaults.swift in Sources */ = {isa = PBXBuildFile; fileRef = FFBFFF4A1EF7D90F002CC4FD /* OpenWeatherUserDefaults.swift */; };
		FFBFFF4D1EF7D91B002CC4FD /* JSONProtocol.swift in Sources */ = {isa = PBXBuildFile; fileRef = FFBFFF4C1EF7D91B002CC4FD /* JSONProtocol.swift */; };
		FFBFFF4F1EF7D928002CC4FD /* CityListRouter.swift in Sources */ = {isa = PBXBuildFile; fileRef = FFBFFF4E1EF7D928002CC4FD /* CityListRouter.swift */; };
		FFBFFF531EF7D950002CC4FD /* CityDetailInteractor.swift in Sources */ = {isa = PBXBuildFile; fileRef = FFBFFF521EF7D950002CC4FD /* CityDetailInteractor.swift */; };
		FFBFFF551EF7D95E002CC4FD /* CityDetailRouter.swift in Sources */ = {isa = PBXBuildFile; fileRef = FFBFFF541EF7D95E002CC4FD /* CityDetailRouter.swift */; };
		FFBFFF571EF7D973002CC4FD /* CityDetailPresenter.swift in Sources */ = {isa = PBXBuildFile; fileRef = FFBFFF561EF7D973002CC4FD /* CityDetailPresenter.swift */; };
/* End PBXBuildFile section */

/* Begin PBXContainerItemProxy section */
		F870C5721EF68C5E00D35E18 /* PBXContainerItemProxy */ = {
			isa = PBXContainerItemProxy;
			containerPortal = F870C5551EF68C5E00D35E18 /* Project object */;
			proxyType = 1;
			remoteGlobalIDString = F870C55C1EF68C5E00D35E18;
			remoteInfo = WeatherApp;
		};
		F870C57D1EF68C5E00D35E18 /* PBXContainerItemProxy */ = {
			isa = PBXContainerItemProxy;
			containerPortal = F870C5551EF68C5E00D35E18 /* Project object */;
			proxyType = 1;
			remoteGlobalIDString = F870C55C1EF68C5E00D35E18;
			remoteInfo = WeatherApp;
		};
/* End PBXContainerItemProxy section */

/* Begin PBXCopyFilesBuildPhase section */
		F8CBE2941EF6B41800E06ED2 /* Embed Frameworks */ = {
			isa = PBXCopyFilesBuildPhase;
			buildActionMask = 2147483647;
			dstPath = "";
			dstSubfolderSpec = 10;
			files = (
				F8CBE2D51EF6E19100E06ED2 /* SwiftyJSON.framework in Embed Frameworks */,
				F8CBE2AC1EF6C4AA00E06ED2 /* Swinject.framework in Embed Frameworks */,
				F8CBE2911EF6B41800E06ED2 /* SwinjectStoryboard.framework in Embed Frameworks */,
				F8CBE2931EF6B41800E06ED2 /* Alamofire.framework in Embed Frameworks */,
			);
			name = "Embed Frameworks";
			runOnlyForDeploymentPostprocessing = 0;
		};
/* End PBXCopyFilesBuildPhase section */

/* Begin PBXFileReference section */
		0B0D20B9F0E535CDF48FD9EC /* Pods-WeatherApp.debug.xcconfig */ = {isa = PBXFileReference; includeInIndex = 1; lastKnownFileType = text.xcconfig; name = "Pods-WeatherApp.debug.xcconfig"; path = "Pods/Target Support Files/Pods-WeatherApp/Pods-WeatherApp.debug.xcconfig"; sourceTree = "<group>"; };
		40B42DEC9EE0FBB89C36F841 /* Pods-WeatherApp.release.xcconfig */ = {isa = PBXFileReference; includeInIndex = 1; lastKnownFileType = text.xcconfig; name = "Pods-WeatherApp.release.xcconfig"; path = "Pods/Target Support Files/Pods-WeatherApp/Pods-WeatherApp.release.xcconfig"; sourceTree = "<group>"; };
		9023F129F3A07CF143A3600E /* libPods-WeatherApp.a */ = {isa = PBXFileReference; explicitFileType = archive.ar; includeInIndex = 0; path = "libPods-WeatherApp.a"; sourceTree = BUILT_PRODUCTS_DIR; };
		F84445DE1EF7132D00747A31 /* EmptyStateView.swift */ = {isa = PBXFileReference; fileEncoding = 4; lastKnownFileType = sourcecode.swift; name = EmptyStateView.swift; path = CityList/EmptyStateView.swift; sourceTree = "<group>"; };
		F84445DF1EF7132D00747A31 /* CityListViewController.swift */ = {isa = PBXFileReference; fileEncoding = 4; lastKnownFileType = sourcecode.swift; name = CityListViewController.swift; path = CityList/CityListViewController.swift; sourceTree = "<group>"; };
		F84445E01EF7132D00747A31 /* CityCell.swift */ = {isa = PBXFileReference; fileEncoding = 4; lastKnownFileType = sourcecode.swift; name = CityCell.swift; path = CityList/CityCell.swift; sourceTree = "<group>"; };
		F84445E51EF7133C00747A31 /* Base */ = {isa = PBXFileReference; lastKnownFileType = file.xib; name = Base; path = Base.lproj/EmptyStateView.xib; sourceTree = "<group>"; };
		F84445E71EF7134D00747A31 /* UITableViewExtension.swift */ = {isa = PBXFileReference; fileEncoding = 4; lastKnownFileType = sourcecode.swift; name = UITableViewExtension.swift; path = Extensions/UITableViewExtension.swift; sourceTree = "<group>"; };
		F84445E81EF7134D00747A31 /* ReusableProtocol.swift */ = {isa = PBXFileReference; fileEncoding = 4; lastKnownFileType = sourcecode.swift; name = ReusableProtocol.swift; path = Extensions/ReusableProtocol.swift; sourceTree = "<group>"; };
		F84445E91EF7134D00747A31 /* FloatExtension.swift */ = {isa = PBXFileReference; fileEncoding = 4; lastKnownFileType = sourcecode.swift; name = FloatExtension.swift; path = Extensions/FloatExtension.swift; sourceTree = "<group>"; };
		F84445EA1EF7134D00747A31 /* ArrayExtension.swift */ = {isa = PBXFileReference; fileEncoding = 4; lastKnownFileType = sourcecode.swift; name = ArrayExtension.swift; path = Extensions/ArrayExtension.swift; sourceTree = "<group>"; };
		F84445EF1EF7135800747A31 /* NetworkAssembly.swift */ = {isa = PBXFileReference; fileEncoding = 4; lastKnownFileType = sourcecode.swift; name = NetworkAssembly.swift; path = Assemblies/NetworkAssembly.swift; sourceTree = "<group>"; };
		F84445F01EF7135800747A31 /* GooglePlacesAssembly.swift */ = {isa = PBXFileReference; fileEncoding = 4; lastKnownFileType = sourcecode.swift; name = GooglePlacesAssembly.swift; path = Assemblies/GooglePlacesAssembly.swift; sourceTree = "<group>"; };
		F84445F31EF7136800747A31 /* OpenWeatherKeyProvider.swift */ = {isa = PBXFileReference; fileEncoding = 4; lastKnownFileType = sourcecode.swift; name = OpenWeatherKeyProvider.swift; path = OpenWeather/OpenWeatherKeyProvider.swift; sourceTree = "<group>"; };
		F84445F51EF7137800747A31 /* WeatherCondition.swift */ = {isa = PBXFileReference; fileEncoding = 4; lastKnownFileType = sourcecode.swift; name = WeatherCondition.swift; path = OpenWeather/Model/WeatherCondition.swift; sourceTree = "<group>"; };
		F84445F61EF7137800747A31 /* CityWeatherData.swift */ = {isa = PBXFileReference; fileEncoding = 4; lastKnownFileType = sourcecode.swift; name = CityWeatherData.swift; path = OpenWeather/Model/CityWeatherData.swift; sourceTree = "<group>"; };
		F84445F91EF713D200747A31 /* APIKeyProvider.swift */ = {isa = PBXFileReference; fileEncoding = 4; lastKnownFileType = sourcecode.swift; name = APIKeyProvider.swift; path = Network/APIKeyProvider.swift; sourceTree = "<group>"; };
		F84445FB1EF713EB00747A31 /* Info.plist */ = {isa = PBXFileReference; fileEncoding = 4; lastKnownFileType = text.plist.xml; name = Info.plist; path = Application/Info.plist; sourceTree = "<group>"; };
		F84445FC1EF713EB00747A31 /* AppDelegate.swift */ = {isa = PBXFileReference; fileEncoding = 4; lastKnownFileType = sourcecode.swift; name = AppDelegate.swift; path = Application/AppDelegate.swift; sourceTree = "<group>"; };
		F84446031EF7199A00747A31 /* CityDetailViewController.swift */ = {isa = PBXFileReference; fileEncoding = 4; lastKnownFileType = sourcecode.swift; name = CityDetailViewController.swift; path = CityDetail/CityDetailViewController.swift; sourceTree = "<group>"; };
		F8535CD91EF736A900AE8BD5 /* CityListPresenter.swift */ = {isa = PBXFileReference; fileEncoding = 4; lastKnownFileType = sourcecode.swift; name = CityListPresenter.swift; path = CityList/CityListPresenter.swift; sourceTree = "<group>"; };
		F8535CDB1EF7370400AE8BD5 /* CityListInteractor.swift */ = {isa = PBXFileReference; fileEncoding = 4; lastKnownFileType = sourcecode.swift; name = CityListInteractor.swift; path = CityList/CityListInteractor.swift; sourceTree = "<group>"; };
		F8535CDF1EF741C800AE8BD5 /* CityListAssembly.swift */ = {isa = PBXFileReference; fileEncoding = 4; lastKnownFileType = sourcecode.swift; name = CityListAssembly.swift; path = Assemblies/CityListAssembly.swift; sourceTree = "<group>"; };
		F870C55D1EF68C5E00D35E18 /* WeatherApp.app */ = {isa = PBXFileReference; explicitFileType = wrapper.application; includeInIndex = 0; path = WeatherApp.app; sourceTree = BUILT_PRODUCTS_DIR; };
		F870C5651EF68C5E00D35E18 /* Base */ = {isa = PBXFileReference; lastKnownFileType = file.storyboard; name = Base; path = Base.lproj/Main.storyboard; sourceTree = "<group>"; };
		F870C5671EF68C5E00D35E18 /* Assets.xcassets */ = {isa = PBXFileReference; lastKnownFileType = folder.assetcatalog; path = Assets.xcassets; sourceTree = "<group>"; };
		F870C56A1EF68C5E00D35E18 /* Base */ = {isa = PBXFileReference; lastKnownFileType = file.storyboard; name = Base; path = Base.lproj/LaunchScreen.storyboard; sourceTree = "<group>"; };
		F870C5711EF68C5E00D35E18 /* WeatherAppTests.xctest */ = {isa = PBXFileReference; explicitFileType = wrapper.cfbundle; includeInIndex = 0; path = WeatherAppTests.xctest; sourceTree = BUILT_PRODUCTS_DIR; };
		F870C5751EF68C5E00D35E18 /* WeatherAppTests.swift */ = {isa = PBXFileReference; lastKnownFileType = sourcecode.swift; path = WeatherAppTests.swift; sourceTree = "<group>"; };
		F870C5771EF68C5E00D35E18 /* Info.plist */ = {isa = PBXFileReference; lastKnownFileType = text.plist.xml; path = Info.plist; sourceTree = "<group>"; };
		F870C57C1EF68C5E00D35E18 /* WeatherAppUITests.xctest */ = {isa = PBXFileReference; explicitFileType = wrapper.cfbundle; includeInIndex = 0; path = WeatherAppUITests.xctest; sourceTree = BUILT_PRODUCTS_DIR; };
		F870C5801EF68C5E00D35E18 /* WeatherAppUITests.swift */ = {isa = PBXFileReference; lastKnownFileType = sourcecode.swift; path = WeatherAppUITests.swift; sourceTree = "<group>"; };
		F870C5821EF68C5E00D35E18 /* Info.plist */ = {isa = PBXFileReference; lastKnownFileType = text.plist.xml; path = Info.plist; sourceTree = "<group>"; };
		F88C8A231EF88672008C4DFB /* AppAssembly.swift */ = {isa = PBXFileReference; fileEncoding = 4; lastKnownFileType = sourcecode.swift; name = AppAssembly.swift; path = Assemblies/AppAssembly.swift; sourceTree = "<group>"; };
		F88C8A281EF88C9F008C4DFB /* UIImageExtension.swift */ = {isa = PBXFileReference; fileEncoding = 4; lastKnownFileType = sourcecode.swift; name = UIImageExtension.swift; path = Extensions/UIImageExtension.swift; sourceTree = "<group>"; };
		F88C8A2A1EF88F9A008C4DFB /* CityListItemViewModel.swift */ = {isa = PBXFileReference; fileEncoding = 4; lastKnownFileType = sourcecode.swift; name = CityListItemViewModel.swift; path = CityList/CityListItemViewModel.swift; sourceTree = "<group>"; };
		F88C8A2F1EF89D9C008C4DFB /* ForecastItemViewModel.swift */ = {isa = PBXFileReference; fileEncoding = 4; lastKnownFileType = sourcecode.swift; name = ForecastItemViewModel.swift; path = CityDetail/ForecastItemViewModel.swift; sourceTree = "<group>"; };
		F8CBE2891EF6B3F700E06ED2 /* Alamofire.framework */ = {isa = PBXFileReference; lastKnownFileType = wrapper.framework; name = Alamofire.framework; path = Carthage/Build/iOS/Alamofire.framework; sourceTree = "<group>"; };
		F8CBE28B1EF6B40100E06ED2 /* WeatherApp.xcodeproj */ = {isa = PBXFileReference; lastKnownFileType = "wrapper.pb-project"; path = WeatherApp.xcodeproj; sourceTree = "<group>"; };
		F8CBE28E1EF6B41300E06ED2 /* SwinjectStoryboard.framework */ = {isa = PBXFileReference; lastKnownFileType = wrapper.framework; name = SwinjectStoryboard.framework; path = Carthage/Build/iOS/SwinjectStoryboard.framework; sourceTree = "<group>"; };
		F8CBE2AA1EF6C4AA00E06ED2 /* Swinject.framework */ = {isa = PBXFileReference; lastKnownFileType = wrapper.framework; name = Swinject.framework; path = Carthage/Build/iOS/Swinject.framework; sourceTree = "<group>"; };
		F8CBE2B11EF6D2E600E06ED2 /* OpenWeatherAPIProtocol.swift */ = {isa = PBXFileReference; fileEncoding = 4; lastKnownFileType = sourcecode.swift; name = OpenWeatherAPIProtocol.swift; path = OpenWeather/OpenWeatherAPIProtocol.swift; sourceTree = "<group>"; };
		F8CBE2B21EF6D2E600E06ED2 /* OpenWeatherURLBuilder.swift */ = {isa = PBXFileReference; fileEncoding = 4; lastKnownFileType = sourcecode.swift; name = OpenWeatherURLBuilder.swift; path = OpenWeather/OpenWeatherURLBuilder.swift; sourceTree = "<group>"; };
		F8CBE2B61EF6D2F800E06ED2 /* NetworkService.swift */ = {isa = PBXFileReference; fileEncoding = 4; lastKnownFileType = sourcecode.swift; name = NetworkService.swift; path = Network/NetworkService.swift; sourceTree = "<group>"; };
		F8CBE2B71EF6D2F800E06ED2 /* APIRequest.swift */ = {isa = PBXFileReference; fileEncoding = 4; lastKnownFileType = sourcecode.swift; name = APIRequest.swift; path = Network/APIRequest.swift; sourceTree = "<group>"; };
		F8CBE2B81EF6D2F800E06ED2 /* APIEndpoint.swift */ = {isa = PBXFileReference; fileEncoding = 4; lastKnownFileType = sourcecode.swift; name = APIEndpoint.swift; path = Network/APIEndpoint.swift; sourceTree = "<group>"; };
		F8CBE2B91EF6D2F800E06ED2 /* BaseProtocol.swift */ = {isa = PBXFileReference; fileEncoding = 4; lastKnownFileType = sourcecode.swift; name = BaseProtocol.swift; path = Network/BaseProtocol.swift; sourceTree = "<group>"; };
		F8CBE2BA1EF6D2F800E06ED2 /* URLBuilderProtocol.swift */ = {isa = PBXFileReference; fileEncoding = 4; lastKnownFileType = sourcecode.swift; name = URLBuilderProtocol.swift; path = Network/URLBuilderProtocol.swift; sourceTree = "<group>"; };
		F8CBE2BB1EF6D2F800E06ED2 /* NetworkProtocol.swift */ = {isa = PBXFileReference; fileEncoding = 4; lastKnownFileType = sourcecode.swift; name = NetworkProtocol.swift; path = Network/NetworkProtocol.swift; sourceTree = "<group>"; };
		F8CBE2C31EF6D55B00E06ED2 /* SwinjectStoryboard+Setup.swift */ = {isa = PBXFileReference; fileEncoding = 4; lastKnownFileType = sourcecode.swift; name = "SwinjectStoryboard+Setup.swift"; path = "Extensions/SwinjectStoryboard+Setup.swift"; sourceTree = "<group>"; };
		F8CBE2C51EF6D55B00E06ED2 /* StringExtensions.swift */ = {isa = PBXFileReference; fileEncoding = 4; lastKnownFileType = sourcecode.swift; name = StringExtensions.swift; path = Extensions/StringExtensions.swift; sourceTree = "<group>"; };
		F8CBE2D31EF6E19100E06ED2 /* SwiftyJSON.framework */ = {isa = PBXFileReference; lastKnownFileType = wrapper.framework; name = SwiftyJSON.framework; path = Carthage/Build/iOS/SwiftyJSON.framework; sourceTree = "<group>"; };
		F8D118071EF6EEDF002967DA /* CoreLocation.framework */ = {isa = PBXFileReference; lastKnownFileType = wrapper.framework; name = CoreLocation.framework; path = System/Library/Frameworks/CoreLocation.framework; sourceTree = SDKROOT; };
		FF4C032D1EF7E3B4006005D8 /* CityDetailAssembly.swift */ = {isa = PBXFileReference; fileEncoding = 4; lastKnownFileType = sourcecode.swift; name = CityDetailAssembly.swift; path = Assemblies/CityDetailAssembly.swift; sourceTree = "<group>"; };
		FF520BE01EF80D6200527D87 /* MainWeatherData.swift */ = {isa = PBXFileReference; fileEncoding = 4; lastKnownFileType = sourcecode.swift; name = MainWeatherData.swift; path = OpenWeather/Model/MainWeatherData.swift; sourceTree = "<group>"; };
		FF919FE0205AD7F90087B2E2 /* CityPhotoPresenter.swift */ = {isa = PBXFileReference; lastKnownFileType = sourcecode.swift; path = CityPhotoPresenter.swift; sourceTree = "<group>"; };
		FF919FE1205AD7F90087B2E2 /* CityPhotoRouter.swift */ = {isa = PBXFileReference; lastKnownFileType = sourcecode.swift; path = CityPhotoRouter.swift; sourceTree = "<group>"; };
		FF919FE2205AD7F90087B2E2 /* CityPhotoViewController.swift */ = {isa = PBXFileReference; lastKnownFileType = sourcecode.swift; path = CityPhotoViewController.swift; sourceTree = "<group>"; };
		FF919FE3205AD7F90087B2E2 /* CityPhotoInteractor.swift */ = {isa = PBXFileReference; lastKnownFileType = sourcecode.swift; path = CityPhotoInteractor.swift; sourceTree = "<group>"; };
		FFB96A8C1EF80F2A0003562B /* WindData.swift */ = {isa = PBXFileReference; fileEncoding = 4; lastKnownFileType = sourcecode.swift; name = WindData.swift; path = OpenWeather/Model/WindData.swift; sourceTree = "<group>"; };
		FFB96A8E1EF816060003562B /* ForecastCell.swift */ = {isa = PBXFileReference; fileEncoding = 4; lastKnownFileType = sourcecode.swift; name = ForecastCell.swift; path = CityDetail/ForecastCell.swift; sourceTree = "<group>"; };
		FFBFFF4A1EF7D90F002CC4FD /* OpenWeatherUserDefaults.swift */ = {isa = PBXFileReference; fileEncoding = 4; lastKnownFileType = sourcecode.swift; name = OpenWeatherUserDefaults.swift; path = Application/OpenWeatherUserDefaults.swift; sourceTree = "<group>"; };
		FFBFFF4C1EF7D91B002CC4FD /* JSONProtocol.swift */ = {isa = PBXFileReference; fileEncoding = 4; lastKnownFileType = sourcecode.swift; name = JSONProtocol.swift; path = Network/JSONProtocol.swift; sourceTree = "<group>"; };
		FFBFFF4E1EF7D928002CC4FD /* CityListRouter.swift */ = {isa = PBXFileReference; fileEncoding = 4; lastKnownFileType = sourcecode.swift; name = CityListRouter.swift; path = CityList/CityListRouter.swift; sourceTree = "<group>"; };
		FFBFFF521EF7D950002CC4FD /* CityDetailInteractor.swift */ = {isa = PBXFileReference; fileEncoding = 4; lastKnownFileType = sourcecode.swift; name = CityDetailInteractor.swift; path = CityDetail/CityDetailInteractor.swift; sourceTree = "<group>"; };
		FFBFFF541EF7D95E002CC4FD /* CityDetailRouter.swift */ = {isa = PBXFileReference; fileEncoding = 4; lastKnownFileType = sourcecode.swift; name = CityDetailRouter.swift; path = CityDetail/CityDetailRouter.swift; sourceTree = "<group>"; };
		FFBFFF561EF7D973002CC4FD /* CityDetailPresenter.swift */ = {isa = PBXFileReference; fileEncoding = 4; lastKnownFileType = sourcecode.swift; name = CityDetailPresenter.swift; path = CityDetail/CityDetailPresenter.swift; sourceTree = "<group>"; };
/* End PBXFileReference section */

/* Begin PBXFrameworksBuildPhase section */
		F870C55A1EF68C5E00D35E18 /* Frameworks */ = {
			isa = PBXFrameworksBuildPhase;
			buildActionMask = 2147483647;
			files = (
				F8D118081EF6EEDF002967DA /* CoreLocation.framework in Frameworks */,
				F8CBE2D41EF6E19100E06ED2 /* SwiftyJSON.framework in Frameworks */,
				F8CBE2AB1EF6C4AA00E06ED2 /* Swinject.framework in Frameworks */,
				F8CBE28F1EF6B41300E06ED2 /* SwinjectStoryboard.framework in Frameworks */,
				F8CBE28A1EF6B3F700E06ED2 /* Alamofire.framework in Frameworks */,
				2C841BB354942166B87D7044 /* libPods-WeatherApp.a in Frameworks */,
			);
			runOnlyForDeploymentPostprocessing = 0;
		};
		F870C56E1EF68C5E00D35E18 /* Frameworks */ = {
			isa = PBXFrameworksBuildPhase;
			buildActionMask = 2147483647;
			files = (
			);
			runOnlyForDeploymentPostprocessing = 0;
		};
		F870C5791EF68C5E00D35E18 /* Frameworks */ = {
			isa = PBXFrameworksBuildPhase;
			buildActionMask = 2147483647;
			files = (
			);
			runOnlyForDeploymentPostprocessing = 0;
		};
/* End PBXFrameworksBuildPhase section */

/* Begin PBXGroup section */
		D4E74E062558A66E9A976C4D /* Pods */ = {
			isa = PBXGroup;
			children = (
				0B0D20B9F0E535CDF48FD9EC /* Pods-WeatherApp.debug.xcconfig */,
				40B42DEC9EE0FBB89C36F841 /* Pods-WeatherApp.release.xcconfig */,
			);
			name = Pods;
			sourceTree = "<group>";
		};
		F84445D71EF711F800747A31 /* CityList */ = {
			isa = PBXGroup;
			children = (
				F84445E01EF7132D00747A31 /* CityCell.swift */,
				F8535CDB1EF7370400AE8BD5 /* CityListInteractor.swift */,
				F8535CD91EF736A900AE8BD5 /* CityListPresenter.swift */,
				FFBFFF4E1EF7D928002CC4FD /* CityListRouter.swift */,
				F84445DF1EF7132D00747A31 /* CityListViewController.swift */,
				F84445DE1EF7132D00747A31 /* EmptyStateView.swift */,
				F88C8A2A1EF88F9A008C4DFB /* CityListItemViewModel.swift */,
			);
			name = CityList;
			sourceTree = "<group>";
		};
		F84445D81EF7120B00747A31 /* Storyboard */ = {
			isa = PBXGroup;
			children = (
				F84445E41EF7133C00747A31 /* EmptyStateView.xib */,
				F870C5691EF68C5E00D35E18 /* LaunchScreen.storyboard */,
				F870C5641EF68C5E00D35E18 /* Main.storyboard */,
			);
			name = Storyboard;
			sourceTree = "<group>";
		};
		F84445DA1EF7123100747A31 /* Assemblies */ = {
			isa = PBXGroup;
			children = (
				FF4C032D1EF7E3B4006005D8 /* CityDetailAssembly.swift */,
				F8535CDF1EF741C800AE8BD5 /* CityListAssembly.swift */,
				F84445F01EF7135800747A31 /* GooglePlacesAssembly.swift */,
				F84445EF1EF7135800747A31 /* NetworkAssembly.swift */,
				F88C8A231EF88672008C4DFB /* AppAssembly.swift */,
			);
			name = Assemblies;
			sourceTree = "<group>";
		};
		F84445DD1EF7128B00747A31 /* Application */ = {
			isa = PBXGroup;
			children = (
				FFBFFF4A1EF7D90F002CC4FD /* OpenWeatherUserDefaults.swift */,
				F84445FB1EF713EB00747A31 /* Info.plist */,
				F84445FC1EF713EB00747A31 /* AppDelegate.swift */,
			);
			name = Application;
			sourceTree = "<group>";
		};
		F84446001EF7195700747A31 /* CityDetail */ = {
			isa = PBXGroup;
			children = (
				F88C8A2F1EF89D9C008C4DFB /* ForecastItemViewModel.swift */,
				FFBFFF521EF7D950002CC4FD /* CityDetailInteractor.swift */,
				FFBFFF561EF7D973002CC4FD /* CityDetailPresenter.swift */,
				FFBFFF541EF7D95E002CC4FD /* CityDetailRouter.swift */,
				F84446031EF7199A00747A31 /* CityDetailViewController.swift */,
				FFB96A8E1EF816060003562B /* ForecastCell.swift */,
			);
			name = CityDetail;
			sourceTree = "<group>";
		};
		F870C5541EF68C5E00D35E18 = {
			isa = PBXGroup;
			children = (
				F870C55F1EF68C5E00D35E18 /* WeatherApp */,
				F870C5741EF68C5E00D35E18 /* WeatherAppTests */,
				F870C57F1EF68C5E00D35E18 /* WeatherAppUITests */,
				F870C55E1EF68C5E00D35E18 /* Products */,
				F8CBE2881EF6B3F600E06ED2 /* Frameworks */,
				D4E74E062558A66E9A976C4D /* Pods */,
			);
			sourceTree = "<group>";
		};
		F870C55E1EF68C5E00D35E18 /* Products */ = {
			isa = PBXGroup;
			children = (
				F870C55D1EF68C5E00D35E18 /* WeatherApp.app */,
				F870C5711EF68C5E00D35E18 /* WeatherAppTests.xctest */,
				F870C57C1EF68C5E00D35E18 /* WeatherAppUITests.xctest */,
			);
			name = Products;
			sourceTree = "<group>";
		};
		F870C55F1EF68C5E00D35E18 /* WeatherApp */ = {
			isa = PBXGroup;
			children = (
				F84445DD1EF7128B00747A31 /* Application */,
				F84445DA1EF7123100747A31 /* Assemblies */,
				F870C5671EF68C5E00D35E18 /* Assets.xcassets */,
				F84446001EF7195700747A31 /* CityDetail */,
				F84445D71EF711F800747A31 /* CityList */,
				F8CBE2CA1EF6D56B00E06ED2 /* Extensions */,
				F8CBE2C21EF6D30100E06ED2 /* Network */,
				F8CBE2B51EF6D2EC00E06ED2 /* OpenWeather */,
				F84445D81EF7120B00747A31 /* Storyboard */,
				FF919FE0205AD7F90087B2E2 /* CityPhotoPresenter.swift */,
				FF919FE1205AD7F90087B2E2 /* CityPhotoRouter.swift */,
				FF919FE2205AD7F90087B2E2 /* CityPhotoViewController.swift */,
				FF919FE3205AD7F90087B2E2 /* CityPhotoInteractor.swift */,
			);
			path = WeatherApp;
			sourceTree = "<group>";
		};
		F870C5741EF68C5E00D35E18 /* WeatherAppTests */ = {
			isa = PBXGroup;
			children = (
				F870C5751EF68C5E00D35E18 /* WeatherAppTests.swift */,
				F870C5771EF68C5E00D35E18 /* Info.plist */,
			);
			path = WeatherAppTests;
			sourceTree = "<group>";
		};
		F870C57F1EF68C5E00D35E18 /* WeatherAppUITests */ = {
			isa = PBXGroup;
			children = (
				F870C5801EF68C5E00D35E18 /* WeatherAppUITests.swift */,
				F870C5821EF68C5E00D35E18 /* Info.plist */,
			);
			path = WeatherAppUITests;
			sourceTree = "<group>";
		};
		F8CBE2881EF6B3F600E06ED2 /* Frameworks */ = {
			isa = PBXGroup;
			children = (
				F8D118071EF6EEDF002967DA /* CoreLocation.framework */,
				F8CBE2D31EF6E19100E06ED2 /* SwiftyJSON.framework */,
				F8CBE2AA1EF6C4AA00E06ED2 /* Swinject.framework */,
				F8CBE28E1EF6B41300E06ED2 /* SwinjectStoryboard.framework */,
				F8CBE28B1EF6B40100E06ED2 /* WeatherApp.xcodeproj */,
				F8CBE2891EF6B3F700E06ED2 /* Alamofire.framework */,
				9023F129F3A07CF143A3600E /* libPods-WeatherApp.a */,
			);
			name = Frameworks;
			sourceTree = "<group>";
		};
		F8CBE28C1EF6B40100E06ED2 /* Products */ = {
			isa = PBXGroup;
			children = (
			);
			name = Products;
			sourceTree = "<group>";
		};
		F8CBE2B51EF6D2EC00E06ED2 /* OpenWeather */ = {
			isa = PBXGroup;
			children = (
				F8CBE2B91EF6D2F800E06ED2 /* BaseProtocol.swift */,
				F8CBE2B11EF6D2E600E06ED2 /* OpenWeatherAPIProtocol.swift */,
				F84445F31EF7136800747A31 /* OpenWeatherKeyProvider.swift */,
				F8CBE2B21EF6D2E600E06ED2 /* OpenWeatherURLBuilder.swift */,
				F8CBE2D81EF6E24200E06ED2 /* Model */,
			);
			name = OpenWeather;
			sourceTree = "<group>";
		};
		F8CBE2C21EF6D30100E06ED2 /* Network */ = {
			isa = PBXGroup;
			children = (
				F8CBE2B81EF6D2F800E06ED2 /* APIEndpoint.swift */,
				F84445F91EF713D200747A31 /* APIKeyProvider.swift */,
				F8CBE2B71EF6D2F800E06ED2 /* APIRequest.swift */,
				FFBFFF4C1EF7D91B002CC4FD /* JSONProtocol.swift */,
				F8CBE2BB1EF6D2F800E06ED2 /* NetworkProtocol.swift */,
				F8CBE2B61EF6D2F800E06ED2 /* NetworkService.swift */,
				F8CBE2BA1EF6D2F800E06ED2 /* URLBuilderProtocol.swift */,
			);
			name = Network;
			sourceTree = "<group>";
		};
		F8CBE2CA1EF6D56B00E06ED2 /* Extensions */ = {
			isa = PBXGroup;
			children = (
				F88C8A281EF88C9F008C4DFB /* UIImageExtension.swift */,
				F84445EA1EF7134D00747A31 /* ArrayExtension.swift */,
				F84445E91EF7134D00747A31 /* FloatExtension.swift */,
				F84445E81EF7134D00747A31 /* ReusableProtocol.swift */,
				F8CBE2C51EF6D55B00E06ED2 /* StringExtensions.swift */,
				F8CBE2C31EF6D55B00E06ED2 /* SwinjectStoryboard+Setup.swift */,
				F84445E71EF7134D00747A31 /* UITableViewExtension.swift */,
			);
			name = Extensions;
			sourceTree = "<group>";
		};
		F8CBE2D81EF6E24200E06ED2 /* Model */ = {
			isa = PBXGroup;
			children = (
				F84445F51EF7137800747A31 /* WeatherCondition.swift */,
				F84445F61EF7137800747A31 /* CityWeatherData.swift */,
				FF520BE01EF80D6200527D87 /* MainWeatherData.swift */,
				FFB96A8C1EF80F2A0003562B /* WindData.swift */,
			);
			name = Model;
			sourceTree = "<group>";
		};
/* End PBXGroup section */

/* Begin PBXNativeTarget section */
		F870C55C1EF68C5E00D35E18 /* WeatherApp */ = {
			isa = PBXNativeTarget;
			buildConfigurationList = F870C5851EF68C5E00D35E18 /* Build configuration list for PBXNativeTarget "WeatherApp" */;
			buildPhases = (
				3C1C5295C4E3046DAE2930B7 /* [CP] Check Pods Manifest.lock */,
				F870C5591EF68C5E00D35E18 /* Sources */,
				F870C55A1EF68C5E00D35E18 /* Frameworks */,
				F870C55B1EF68C5E00D35E18 /* Resources */,
				F8CBE2941EF6B41800E06ED2 /* Embed Frameworks */,
				FF9BDF6F2A74EF1E4A9F0BF4 /* [CP] Embed Pods Frameworks */,
				04490B1DC594F4B04DAB107A /* [CP] Copy Pods Resources */,
			);
			buildRules = (
			);
			dependencies = (
			);
			name = WeatherApp;
			productName = WeatherApp;
			productReference = F870C55D1EF68C5E00D35E18 /* WeatherApp.app */;
			productType = "com.apple.product-type.application";
		};
		F870C5701EF68C5E00D35E18 /* WeatherAppTests */ = {
			isa = PBXNativeTarget;
			buildConfigurationList = F870C5881EF68C5E00D35E18 /* Build configuration list for PBXNativeTarget "WeatherAppTests" */;
			buildPhases = (
				F870C56D1EF68C5E00D35E18 /* Sources */,
				F870C56E1EF68C5E00D35E18 /* Frameworks */,
				F870C56F1EF68C5E00D35E18 /* Resources */,
			);
			buildRules = (
			);
			dependencies = (
				F870C5731EF68C5E00D35E18 /* PBXTargetDependency */,
			);
			name = WeatherAppTests;
			productName = WeatherAppTests;
			productReference = F870C5711EF68C5E00D35E18 /* WeatherAppTests.xctest */;
			productType = "com.apple.product-type.bundle.unit-test";
		};
		F870C57B1EF68C5E00D35E18 /* WeatherAppUITests */ = {
			isa = PBXNativeTarget;
			buildConfigurationList = F870C58B1EF68C5E00D35E18 /* Build configuration list for PBXNativeTarget "WeatherAppUITests" */;
			buildPhases = (
				F870C5781EF68C5E00D35E18 /* Sources */,
				F870C5791EF68C5E00D35E18 /* Frameworks */,
				F870C57A1EF68C5E00D35E18 /* Resources */,
			);
			buildRules = (
			);
			dependencies = (
				F870C57E1EF68C5E00D35E18 /* PBXTargetDependency */,
			);
			name = WeatherAppUITests;
			productName = WeatherAppUITests;
			productReference = F870C57C1EF68C5E00D35E18 /* WeatherAppUITests.xctest */;
			productType = "com.apple.product-type.bundle.ui-testing";
		};
/* End PBXNativeTarget section */

/* Begin PBXProject section */
		F870C5551EF68C5E00D35E18 /* Project object */ = {
			isa = PBXProject;
			attributes = {
				LastSwiftUpdateCheck = 0830;
				LastUpgradeCheck = 0940;
				ORGANIZATIONNAME = tufyx;
				TargetAttributes = {
					F870C55C1EF68C5E00D35E18 = {
						CreatedOnToolsVersion = 8.3.3;
						DevelopmentTeam = 7AL85EHGD2;
						LastSwiftMigration = 0920;
						ProvisioningStyle = Automatic;
					};
					F870C5701EF68C5E00D35E18 = {
						CreatedOnToolsVersion = 8.3.3;
						DevelopmentTeam = 7AL85EHGD2;
						LastSwiftMigration = 0920;
						ProvisioningStyle = Automatic;
						TestTargetID = F870C55C1EF68C5E00D35E18;
					};
					F870C57B1EF68C5E00D35E18 = {
						CreatedOnToolsVersion = 8.3.3;
						DevelopmentTeam = 7AL85EHGD2;
						LastSwiftMigration = 0920;
						ProvisioningStyle = Automatic;
						TestTargetID = F870C55C1EF68C5E00D35E18;
					};
				};
			};
			buildConfigurationList = F870C5581EF68C5E00D35E18 /* Build configuration list for PBXProject "WeatherApp" */;
			compatibilityVersion = "Xcode 3.2";
			developmentRegion = English;
			hasScannedForEncodings = 0;
			knownRegions = (
				en,
				Base,
			);
			mainGroup = F870C5541EF68C5E00D35E18;
			productRefGroup = F870C55E1EF68C5E00D35E18 /* Products */;
			projectDirPath = "";
			projectReferences = (
				{
					ProductGroup = F8CBE28C1EF6B40100E06ED2 /* Products */;
					ProjectRef = F8CBE28B1EF6B40100E06ED2 /* WeatherApp.xcodeproj */;
				},
			);
			projectRoot = "";
			targets = (
				F870C55C1EF68C5E00D35E18 /* WeatherApp */,
				F870C5701EF68C5E00D35E18 /* WeatherAppTests */,
				F870C57B1EF68C5E00D35E18 /* WeatherAppUITests */,
			);
		};
/* End PBXProject section */

/* Begin PBXResourcesBuildPhase section */
		F870C55B1EF68C5E00D35E18 /* Resources */ = {
			isa = PBXResourcesBuildPhase;
			buildActionMask = 2147483647;
			files = (
				F870C56B1EF68C5E00D35E18 /* LaunchScreen.storyboard in Resources */,
				F870C5681EF68C5E00D35E18 /* Assets.xcassets in Resources */,
				F84445E61EF7133C00747A31 /* EmptyStateView.xib in Resources */,
				F870C5661EF68C5E00D35E18 /* Main.storyboard in Resources */,
			);
			runOnlyForDeploymentPostprocessing = 0;
		};
		F870C56F1EF68C5E00D35E18 /* Resources */ = {
			isa = PBXResourcesBuildPhase;
			buildActionMask = 2147483647;
			files = (
			);
			runOnlyForDeploymentPostprocessing = 0;
		};
		F870C57A1EF68C5E00D35E18 /* Resources */ = {
			isa = PBXResourcesBuildPhase;
			buildActionMask = 2147483647;
			files = (
			);
			runOnlyForDeploymentPostprocessing = 0;
		};
/* End PBXResourcesBuildPhase section */

/* Begin PBXShellScriptBuildPhase section */
		04490B1DC594F4B04DAB107A /* [CP] Copy Pods Resources */ = {
			isa = PBXShellScriptBuildPhase;
			buildActionMask = 2147483647;
			files = (
			);
			inputPaths = (
				"${SRCROOT}/Pods/Target Support Files/Pods-WeatherApp/Pods-WeatherApp-resources.sh",
				"${PODS_ROOT}/GooglePlaces/Frameworks/GooglePlaces.framework/Versions/A/Resources/GooglePlaces.bundle",
			);
			name = "[CP] Copy Pods Resources";
			outputPaths = (
				"${TARGET_BUILD_DIR}/${UNLOCALIZED_RESOURCES_FOLDER_PATH}/GooglePlaces.bundle",
			);
			runOnlyForDeploymentPostprocessing = 0;
			shellPath = /bin/sh;
			shellScript = "\"${SRCROOT}/Pods/Target Support Files/Pods-WeatherApp/Pods-WeatherApp-resources.sh\"\n";
			showEnvVarsInLog = 0;
		};
		3C1C5295C4E3046DAE2930B7 /* [CP] Check Pods Manifest.lock */ = {
			isa = PBXShellScriptBuildPhase;
			buildActionMask = 2147483647;
			files = (
			);
			inputPaths = (
				"${PODS_PODFILE_DIR_PATH}/Podfile.lock",
				"${PODS_ROOT}/Manifest.lock",
			);
			name = "[CP] Check Pods Manifest.lock";
			outputPaths = (
				"$(DERIVED_FILE_DIR)/Pods-WeatherApp-checkManifestLockResult.txt",
			);
			runOnlyForDeploymentPostprocessing = 0;
			shellPath = /bin/sh;
			shellScript = "diff \"${PODS_PODFILE_DIR_PATH}/Podfile.lock\" \"${PODS_ROOT}/Manifest.lock\" > /dev/null\nif [ $? != 0 ] ; then\n    # print error to STDERR\n    echo \"error: The sandbox is not in sync with the Podfile.lock. Run 'pod install' or update your CocoaPods installation.\" >&2\n    exit 1\nfi\n# This output is used by Xcode 'outputs' to avoid re-running this script phase.\necho \"SUCCESS\" > \"${SCRIPT_OUTPUT_FILE_0}\"\n";
			showEnvVarsInLog = 0;
		};
		FF9BDF6F2A74EF1E4A9F0BF4 /* [CP] Embed Pods Frameworks */ = {
			isa = PBXShellScriptBuildPhase;
			buildActionMask = 2147483647;
			files = (
			);
			inputPaths = (
			);
			name = "[CP] Embed Pods Frameworks";
			outputPaths = (
			);
			runOnlyForDeploymentPostprocessing = 0;
			shellPath = /bin/sh;
			shellScript = "\"${SRCROOT}/Pods/Target Support Files/Pods-WeatherApp/Pods-WeatherApp-frameworks.sh\"\n";
			showEnvVarsInLog = 0;
		};
/* End PBXShellScriptBuildPhase section */

/* Begin PBXSourcesBuildPhase section */
		F870C5591EF68C5E00D35E18 /* Sources */ = {
			isa = PBXSourcesBuildPhase;
			buildActionMask = 2147483647;
			files = (
				FF919FE6205AD7F90087B2E2 /* CityPhotoViewController.swift in Sources */,
				F84445EE1EF7134D00747A31 /* ArrayExtension.swift in Sources */,
				F8CBE2BF1EF6D2F800E06ED2 /* BaseProtocol.swift in Sources */,
				FF520BE11EF80D6200527D87 /* MainWeatherData.swift in Sources */,
				F84445F11EF7135800747A31 /* NetworkAssembly.swift in Sources */,
				F84445E11EF7132D00747A31 /* EmptyStateView.swift in Sources */,
				FFB96A8D1EF80F2A0003562B /* WindData.swift in Sources */,
				F84445ED1EF7134D00747A31 /* FloatExtension.swift in Sources */,
				F88C8A2B1EF88F9A008C4DFB /* CityListItemViewModel.swift in Sources */,
				FFBFFF571EF7D973002CC4FD /* CityDetailPresenter.swift in Sources */,
				FFBFFF4F1EF7D928002CC4FD /* CityListRouter.swift in Sources */,
				FF4C032E1EF7E3B4006005D8 /* CityDetailAssembly.swift in Sources */,
				FFBFFF531EF7D950002CC4FD /* CityDetailInteractor.swift in Sources */,
				F8535CE01EF741C800AE8BD5 /* CityListAssembly.swift in Sources */,
				F8CBE2C61EF6D55B00E06ED2 /* SwinjectStoryboard+Setup.swift in Sources */,
				F84445EB1EF7134D00747A31 /* UITableViewExtension.swift in Sources */,
				F84446041EF7199A00747A31 /* CityDetailViewController.swift in Sources */,
				F8CBE2BD1EF6D2F800E06ED2 /* APIRequest.swift in Sources */,
				F8CBE2C01EF6D2F800E06ED2 /* URLBuilderProtocol.swift in Sources */,
				FFBFFF551EF7D95E002CC4FD /* CityDetailRouter.swift in Sources */,
				F8CBE2B31EF6D2E600E06ED2 /* OpenWeatherAPIProtocol.swift in Sources */,
				F84445F41EF7136800747A31 /* OpenWeatherKeyProvider.swift in Sources */,
				F84445E21EF7132D00747A31 /* CityListViewController.swift in Sources */,
				F84445FE1EF713EB00747A31 /* AppDelegate.swift in Sources */,
				FFBFFF4B1EF7D90F002CC4FD /* OpenWeatherUserDefaults.swift in Sources */,
				F88C8A301EF89D9C008C4DFB /* ForecastItemViewModel.swift in Sources */,
				F88C8A291EF88C9F008C4DFB /* UIImageExtension.swift in Sources */,
				F8535CDC1EF7370400AE8BD5 /* CityListInteractor.swift in Sources */,
				F8CBE2B41EF6D2E600E06ED2 /* OpenWeatherURLBuilder.swift in Sources */,
				FF919FE5205AD7F90087B2E2 /* CityPhotoRouter.swift in Sources */,
				F84445F21EF7135800747A31 /* GooglePlacesAssembly.swift in Sources */,
				F8535CDA1EF736A900AE8BD5 /* CityListPresenter.swift in Sources */,
				F84445F71EF7137800747A31 /* WeatherCondition.swift in Sources */,
				F84445E31EF7132D00747A31 /* CityCell.swift in Sources */,
				FF919FE7205AD7F90087B2E2 /* CityPhotoInteractor.swift in Sources */,
				F84445F81EF7137800747A31 /* CityWeatherData.swift in Sources */,
				FFBFFF4D1EF7D91B002CC4FD /* JSONProtocol.swift in Sources */,
				FF919FE4205AD7F90087B2E2 /* CityPhotoPresenter.swift in Sources */,
				F8CBE2BC1EF6D2F800E06ED2 /* NetworkService.swift in Sources */,
				F8CBE2C81EF6D55B00E06ED2 /* StringExtensions.swift in Sources */,
				F8CBE2C11EF6D2F800E06ED2 /* NetworkProtocol.swift in Sources */,
				F84445FA1EF713D200747A31 /* APIKeyProvider.swift in Sources */,
				F84445EC1EF7134D00747A31 /* ReusableProtocol.swift in Sources */,
				F88C8A241EF88672008C4DFB /* AppAssembly.swift in Sources */,
				FFB96A8F1EF816060003562B /* ForecastCell.swift in Sources */,
				F8CBE2BE1EF6D2F800E06ED2 /* APIEndpoint.swift in Sources */,
			);
			runOnlyForDeploymentPostprocessing = 0;
		};
		F870C56D1EF68C5E00D35E18 /* Sources */ = {
			isa = PBXSourcesBuildPhase;
			buildActionMask = 2147483647;
			files = (
				F870C5761EF68C5E00D35E18 /* WeatherAppTests.swift in Sources */,
			);
			runOnlyForDeploymentPostprocessing = 0;
		};
		F870C5781EF68C5E00D35E18 /* Sources */ = {
			isa = PBXSourcesBuildPhase;
			buildActionMask = 2147483647;
			files = (
				F870C5811EF68C5E00D35E18 /* WeatherAppUITests.swift in Sources */,
			);
			runOnlyForDeploymentPostprocessing = 0;
		};
/* End PBXSourcesBuildPhase section */

/* Begin PBXTargetDependency section */
		F870C5731EF68C5E00D35E18 /* PBXTargetDependency */ = {
			isa = PBXTargetDependency;
			target = F870C55C1EF68C5E00D35E18 /* WeatherApp */;
			targetProxy = F870C5721EF68C5E00D35E18 /* PBXContainerItemProxy */;
		};
		F870C57E1EF68C5E00D35E18 /* PBXTargetDependency */ = {
			isa = PBXTargetDependency;
			target = F870C55C1EF68C5E00D35E18 /* WeatherApp */;
			targetProxy = F870C57D1EF68C5E00D35E18 /* PBXContainerItemProxy */;
		};
/* End PBXTargetDependency section */

/* Begin PBXVariantGroup section */
		F84445E41EF7133C00747A31 /* EmptyStateView.xib */ = {
			isa = PBXVariantGroup;
			children = (
				F84445E51EF7133C00747A31 /* Base */,
			);
			name = EmptyStateView.xib;
			sourceTree = "<group>";
		};
		F870C5641EF68C5E00D35E18 /* Main.storyboard */ = {
			isa = PBXVariantGroup;
			children = (
				F870C5651EF68C5E00D35E18 /* Base */,
			);
			name = Main.storyboard;
			sourceTree = "<group>";
		};
		F870C5691EF68C5E00D35E18 /* LaunchScreen.storyboard */ = {
			isa = PBXVariantGroup;
			children = (
				F870C56A1EF68C5E00D35E18 /* Base */,
			);
			name = LaunchScreen.storyboard;
			sourceTree = "<group>";
		};
/* End PBXVariantGroup section */

/* Begin XCBuildConfiguration section */
		F870C5831EF68C5E00D35E18 /* Debug */ = {
			isa = XCBuildConfiguration;
			buildSettings = {
				ALWAYS_SEARCH_USER_PATHS = NO;
				CLANG_ANALYZER_NONNULL = YES;
				CLANG_ANALYZER_NUMBER_OBJECT_CONVERSION = YES_AGGRESSIVE;
				CLANG_CXX_LANGUAGE_STANDARD = "gnu++0x";
				CLANG_CXX_LIBRARY = "libc++";
				CLANG_ENABLE_MODULES = YES;
				CLANG_ENABLE_OBJC_ARC = YES;
				CLANG_WARN_BLOCK_CAPTURE_AUTORELEASING = YES;
				CLANG_WARN_BOOL_CONVERSION = YES;
				CLANG_WARN_COMMA = YES;
				CLANG_WARN_CONSTANT_CONVERSION = YES;
				CLANG_WARN_DEPRECATED_OBJC_IMPLEMENTATIONS = YES;
				CLANG_WARN_DIRECT_OBJC_ISA_USAGE = YES_ERROR;
				CLANG_WARN_DOCUMENTATION_COMMENTS = YES;
				CLANG_WARN_EMPTY_BODY = YES;
				CLANG_WARN_ENUM_CONVERSION = YES;
				CLANG_WARN_INFINITE_RECURSION = YES;
				CLANG_WARN_INT_CONVERSION = YES;
				CLANG_WARN_NON_LITERAL_NULL_CONVERSION = YES;
				CLANG_WARN_OBJC_IMPLICIT_RETAIN_SELF = YES;
				CLANG_WARN_OBJC_LITERAL_CONVERSION = YES;
				CLANG_WARN_OBJC_ROOT_CLASS = YES_ERROR;
				CLANG_WARN_RANGE_LOOP_ANALYSIS = YES;
				CLANG_WARN_STRICT_PROTOTYPES = YES;
				CLANG_WARN_SUSPICIOUS_MOVE = YES;
				CLANG_WARN_UNREACHABLE_CODE = YES;
				CLANG_WARN__DUPLICATE_METHOD_MATCH = YES;
				"CODE_SIGN_IDENTITY[sdk=iphoneos*]" = "iPhone Developer";
				COPY_PHASE_STRIP = NO;
				DEBUG_INFORMATION_FORMAT = dwarf;
				ENABLE_STRICT_OBJC_MSGSEND = YES;
				ENABLE_TESTABILITY = YES;
				GCC_C_LANGUAGE_STANDARD = gnu99;
				GCC_DYNAMIC_NO_PIC = NO;
				GCC_NO_COMMON_BLOCKS = YES;
				GCC_OPTIMIZATION_LEVEL = 0;
				GCC_PREPROCESSOR_DEFINITIONS = (
					"DEBUG=1",
					"$(inherited)",
				);
				GCC_WARN_64_TO_32_BIT_CONVERSION = YES;
				GCC_WARN_ABOUT_RETURN_TYPE = YES_ERROR;
				GCC_WARN_UNDECLARED_SELECTOR = YES;
				GCC_WARN_UNINITIALIZED_AUTOS = YES_AGGRESSIVE;
				GCC_WARN_UNUSED_FUNCTION = YES;
				GCC_WARN_UNUSED_VARIABLE = YES;
				IPHONEOS_DEPLOYMENT_TARGET = 10.3;
				MTL_ENABLE_DEBUG_INFO = YES;
				ONLY_ACTIVE_ARCH = YES;
				SDKROOT = iphoneos;
				SWIFT_ACTIVE_COMPILATION_CONDITIONS = DEBUG;
				SWIFT_OPTIMIZATION_LEVEL = "-Onone";
			};
			name = Debug;
		};
		F870C5841EF68C5E00D35E18 /* Release */ = {
			isa = XCBuildConfiguration;
			buildSettings = {
				ALWAYS_SEARCH_USER_PATHS = NO;
				CLANG_ANALYZER_NONNULL = YES;
				CLANG_ANALYZER_NUMBER_OBJECT_CONVERSION = YES_AGGRESSIVE;
				CLANG_CXX_LANGUAGE_STANDARD = "gnu++0x";
				CLANG_CXX_LIBRARY = "libc++";
				CLANG_ENABLE_MODULES = YES;
				CLANG_ENABLE_OBJC_ARC = YES;
				CLANG_WARN_BLOCK_CAPTURE_AUTORELEASING = YES;
				CLANG_WARN_BOOL_CONVERSION = YES;
				CLANG_WARN_COMMA = YES;
				CLANG_WARN_CONSTANT_CONVERSION = YES;
				CLANG_WARN_DEPRECATED_OBJC_IMPLEMENTATIONS = YES;
				CLANG_WARN_DIRECT_OBJC_ISA_USAGE = YES_ERROR;
				CLANG_WARN_DOCUMENTATION_COMMENTS = YES;
				CLANG_WARN_EMPTY_BODY = YES;
				CLANG_WARN_ENUM_CONVERSION = YES;
				CLANG_WARN_INFINITE_RECURSION = YES;
				CLANG_WARN_INT_CONVERSION = YES;
				CLANG_WARN_NON_LITERAL_NULL_CONVERSION = YES;
				CLANG_WARN_OBJC_IMPLICIT_RETAIN_SELF = YES;
				CLANG_WARN_OBJC_LITERAL_CONVERSION = YES;
				CLANG_WARN_OBJC_ROOT_CLASS = YES_ERROR;
				CLANG_WARN_RANGE_LOOP_ANALYSIS = YES;
				CLANG_WARN_STRICT_PROTOTYPES = YES;
				CLANG_WARN_SUSPICIOUS_MOVE = YES;
				CLANG_WARN_UNREACHABLE_CODE = YES;
				CLANG_WARN__DUPLICATE_METHOD_MATCH = YES;
				"CODE_SIGN_IDENTITY[sdk=iphoneos*]" = "iPhone Developer";
				COPY_PHASE_STRIP = NO;
				DEBUG_INFORMATION_FORMAT = "dwarf-with-dsym";
				ENABLE_NS_ASSERTIONS = NO;
				ENABLE_STRICT_OBJC_MSGSEND = YES;
				GCC_C_LANGUAGE_STANDARD = gnu99;
				GCC_NO_COMMON_BLOCKS = YES;
				GCC_WARN_64_TO_32_BIT_CONVERSION = YES;
				GCC_WARN_ABOUT_RETURN_TYPE = YES_ERROR;
				GCC_WARN_UNDECLARED_SELECTOR = YES;
				GCC_WARN_UNINITIALIZED_AUTOS = YES_AGGRESSIVE;
				GCC_WARN_UNUSED_FUNCTION = YES;
				GCC_WARN_UNUSED_VARIABLE = YES;
				IPHONEOS_DEPLOYMENT_TARGET = 10.3;
				MTL_ENABLE_DEBUG_INFO = NO;
				SDKROOT = iphoneos;
				SWIFT_OPTIMIZATION_LEVEL = "-Owholemodule";
				VALIDATE_PRODUCT = YES;
			};
			name = Release;
		};
		F870C5861EF68C5E00D35E18 /* Debug */ = {
			isa = XCBuildConfiguration;
			baseConfigurationReference = 0B0D20B9F0E535CDF48FD9EC /* Pods-WeatherApp.debug.xcconfig */;
			buildSettings = {
				ASSETCATALOG_COMPILER_APPICON_NAME = AppIcon;
				DEVELOPMENT_TEAM = 7AL85EHGD2;
				FRAMEWORK_SEARCH_PATHS = (
					"$(inherited)",
					"$(PROJECT_DIR)/Carthage/Build/iOS",
				);
				INFOPLIST_FILE = "$(SRCROOT)/WeatherApp/Application/Info.plist";
				LD_RUNPATH_SEARCH_PATHS = "$(inherited) @executable_path/Frameworks";
				PRODUCT_BUNDLE_IDENTIFIER = com.tufyx.WeatherApp;
				PRODUCT_NAME = "$(TARGET_NAME)";
				SWIFT_SWIFT3_OBJC_INFERENCE = On;
				SWIFT_VERSION = 4.0;
			};
			name = Debug;
		};
		F870C5871EF68C5E00D35E18 /* Release */ = {
			isa = XCBuildConfiguration;
			baseConfigurationReference = 40B42DEC9EE0FBB89C36F841 /* Pods-WeatherApp.release.xcconfig */;
			buildSettings = {
				ASSETCATALOG_COMPILER_APPICON_NAME = AppIcon;
				DEVELOPMENT_TEAM = 7AL85EHGD2;
				FRAMEWORK_SEARCH_PATHS = (
					"$(inherited)",
					"$(PROJECT_DIR)/Carthage/Build/iOS",
				);
				INFOPLIST_FILE = "$(SRCROOT)/WeatherApp/Application/Info.plist";
				LD_RUNPATH_SEARCH_PATHS = "$(inherited) @executable_path/Frameworks";
				PRODUCT_BUNDLE_IDENTIFIER = com.tufyx.WeatherApp;
				PRODUCT_NAME = "$(TARGET_NAME)";
				SWIFT_SWIFT3_OBJC_INFERENCE = On;
				SWIFT_VERSION = 4.0;
			};
			name = Release;
		};
		F870C5891EF68C5E00D35E18 /* Debug */ = {
			isa = XCBuildConfiguration;
			buildSettings = {
				ALWAYS_EMBED_SWIFT_STANDARD_LIBRARIES = YES;
				BUNDLE_LOADER = "$(TEST_HOST)";
				DEVELOPMENT_TEAM = 7AL85EHGD2;
				INFOPLIST_FILE = WeatherAppTests/Info.plist;
				LD_RUNPATH_SEARCH_PATHS = "$(inherited) @executable_path/Frameworks @loader_path/Frameworks";
				PRODUCT_BUNDLE_IDENTIFIER = com.tufyx.WeatherAppTests;
				PRODUCT_NAME = "$(TARGET_NAME)";
				SWIFT_SWIFT3_OBJC_INFERENCE = On;
				SWIFT_VERSION = 4.0;
				TEST_HOST = "$(BUILT_PRODUCTS_DIR)/WeatherApp.app/WeatherApp";
			};
			name = Debug;
		};
		F870C58A1EF68C5E00D35E18 /* Release */ = {
			isa = XCBuildConfiguration;
			buildSettings = {
				ALWAYS_EMBED_SWIFT_STANDARD_LIBRARIES = YES;
				BUNDLE_LOADER = "$(TEST_HOST)";
				DEVELOPMENT_TEAM = 7AL85EHGD2;
				INFOPLIST_FILE = WeatherAppTests/Info.plist;
				LD_RUNPATH_SEARCH_PATHS = "$(inherited) @executable_path/Frameworks @loader_path/Frameworks";
				PRODUCT_BUNDLE_IDENTIFIER = com.tufyx.WeatherAppTests;
				PRODUCT_NAME = "$(TARGET_NAME)";
				SWIFT_SWIFT3_OBJC_INFERENCE = On;
				SWIFT_VERSION = 4.0;
				TEST_HOST = "$(BUILT_PRODUCTS_DIR)/WeatherApp.app/WeatherApp";
			};
			name = Release;
		};
		F870C58C1EF68C5E00D35E18 /* Debug */ = {
			isa = XCBuildConfiguration;
			buildSettings = {
				ALWAYS_EMBED_SWIFT_STANDARD_LIBRARIES = YES;
				DEVELOPMENT_TEAM = 7AL85EHGD2;
				INFOPLIST_FILE = WeatherAppUITests/Info.plist;
				LD_RUNPATH_SEARCH_PATHS = "$(inherited) @executable_path/Frameworks @loader_path/Frameworks";
				PRODUCT_BUNDLE_IDENTIFIER = com.tufyx.WeatherAppUITests;
				PRODUCT_NAME = "$(TARGET_NAME)";
				SWIFT_SWIFT3_OBJC_INFERENCE = On;
				SWIFT_VERSION = 4.0;
				TEST_TARGET_NAME = WeatherApp;
			};
			name = Debug;
		};
		F870C58D1EF68C5E00D35E18 /* Release */ = {
			isa = XCBuildConfiguration;
			buildSettings = {
				ALWAYS_EMBED_SWIFT_STANDARD_LIBRARIES = YES;
				DEVELOPMENT_TEAM = 7AL85EHGD2;
				INFOPLIST_FILE = WeatherAppUITests/Info.plist;
				LD_RUNPATH_SEARCH_PATHS = "$(inherited) @executable_path/Frameworks @loader_path/Frameworks";
				PRODUCT_BUNDLE_IDENTIFIER = com.tufyx.WeatherAppUITests;
				PRODUCT_NAME = "$(TARGET_NAME)";
				SWIFT_SWIFT3_OBJC_INFERENCE = On;
				SWIFT_VERSION = 4.0;
				TEST_TARGET_NAME = WeatherApp;
			};
			name = Release;
		};
/* End XCBuildConfiguration section */

/* Begin XCConfigurationList section */
		F870C5581EF68C5E00D35E18 /* Build configuration list for PBXProject "WeatherApp" */ = {
			isa = XCConfigurationList;
			buildConfigurations = (
				F870C5831EF68C5E00D35E18 /* Debug */,
				F870C5841EF68C5E00D35E18 /* Release */,
			);
			defaultConfigurationIsVisible = 0;
			defaultConfigurationName = Release;
		};
		F870C5851EF68C5E00D35E18 /* Build configuration list for PBXNativeTarget "WeatherApp" */ = {
			isa = XCConfigurationList;
			buildConfigurations = (
				F870C5861EF68C5E00D35E18 /* Debug */,
				F870C5871EF68C5E00D35E18 /* Release */,
			);
			defaultConfigurationIsVisible = 0;
			defaultConfigurationName = Release;
		};
		F870C5881EF68C5E00D35E18 /* Build configuration list for PBXNativeTarget "WeatherAppTests" */ = {
			isa = XCConfigurationList;
			buildConfigurations = (
				F870C5891EF68C5E00D35E18 /* Debug */,
				F870C58A1EF68C5E00D35E18 /* Release */,
			);
			defaultConfigurationIsVisible = 0;
			defaultConfigurationName = Release;
		};
		F870C58B1EF68C5E00D35E18 /* Build configuration list for PBXNativeTarget "WeatherAppUITests" */ = {
			isa = XCConfigurationList;
			buildConfigurations = (
				F870C58C1EF68C5E00D35E18 /* Debug */,
				F870C58D1EF68C5E00D35E18 /* Release */,
			);
			defaultConfigurationIsVisible = 0;
			defaultConfigurationName = Release;
		};
/* End XCConfigurationList section */
	};
	rootObject = F870C5551EF68C5E00D35E18 /* Project object */;
}
